// !$*UTF8*$!
{
	archiveVersion = 1;
	classes = {
	};
	objectVersion = 55;
	objects = {

/* Begin PBXBuildFile section */
		CB30B1062800D244003C54BB /* UIImageExtension.swift in Sources */ = {isa = PBXBuildFile; fileRef = CB30B1052800D244003C54BB /* UIImageExtension.swift */; };
		CB31FB3327FB526D005F66FF /* AppDelegate.swift in Sources */ = {isa = PBXBuildFile; fileRef = CB31FB3227FB526D005F66FF /* AppDelegate.swift */; };
		CB31FB3527FB526D005F66FF /* SceneDelegate.swift in Sources */ = {isa = PBXBuildFile; fileRef = CB31FB3427FB526D005F66FF /* SceneDelegate.swift */; };
		CB31FB3727FB526D005F66FF /* AuthenticationViewController.swift in Sources */ = {isa = PBXBuildFile; fileRef = CB31FB3627FB526D005F66FF /* AuthenticationViewController.swift */; };
		CB31FB3C27FB526F005F66FF /* Assets.xcassets in Resources */ = {isa = PBXBuildFile; fileRef = CB31FB3B27FB526F005F66FF /* Assets.xcassets */; };
		CB31FB3F27FB526F005F66FF /* LaunchScreen.storyboard in Resources */ = {isa = PBXBuildFile; fileRef = CB31FB3D27FB526F005F66FF /* LaunchScreen.storyboard */; };
		CB31FB4B27FB558A005F66FF /* UIViewExtension.swift in Sources */ = {isa = PBXBuildFile; fileRef = CB31FB4A27FB558A005F66FF /* UIViewExtension.swift */; };
		CB31FB4E27FB57DF005F66FF /* Constant.swift in Sources */ = {isa = PBXBuildFile; fileRef = CB31FB4D27FB57DF005F66FF /* Constant.swift */; };
		CB31FB5027FB5F3D005F66FF /* AuthenticationTextField.swift in Sources */ = {isa = PBXBuildFile; fileRef = CB31FB4F27FB5F3D005F66FF /* AuthenticationTextField.swift */; };
		CB31FB5227FB6102005F66FF /* Enumeration.swift in Sources */ = {isa = PBXBuildFile; fileRef = CB31FB5127FB6102005F66FF /* Enumeration.swift */; };
		CBBA903A27FF226800CAB0F6 /* Access.swift in Sources */ = {isa = PBXBuildFile; fileRef = CBBA903927FF226800CAB0F6 /* Access.swift */; };
		CBBA903C27FF265700CAB0F6 /* PhotosCollectionViewCell.swift in Sources */ = {isa = PBXBuildFile; fileRef = CBBA903B27FF265700CAB0F6 /* PhotosCollectionViewCell.swift */; };
		CBBA903E27FF446A00CAB0F6 /* AlbumsViewController.swift in Sources */ = {isa = PBXBuildFile; fileRef = CBBA903D27FF446A00CAB0F6 /* AlbumsViewController.swift */; };
		CBBA904127FF448200CAB0F6 /* AlbumsView.swift in Sources */ = {isa = PBXBuildFile; fileRef = CBBA904027FF448200CAB0F6 /* AlbumsView.swift */; };
		CBBA904327FF44B400CAB0F6 /* AlbumsCollectionViewCell.swift in Sources */ = {isa = PBXBuildFile; fileRef = CBBA904227FF44B400CAB0F6 /* AlbumsCollectionViewCell.swift */; };
		CBBA904527FF453F00CAB0F6 /* PhotoViewController.swift in Sources */ = {isa = PBXBuildFile; fileRef = CBBA904427FF453F00CAB0F6 /* PhotoViewController.swift */; };
		CBBA904827FF457400CAB0F6 /* PhotoView.swift in Sources */ = {isa = PBXBuildFile; fileRef = CBBA904727FF457400CAB0F6 /* PhotoView.swift */; };
		CBBA904A27FF4BF800CAB0F6 /* CollectionViewFlowLayout.swift in Sources */ = {isa = PBXBuildFile; fileRef = CBBA904927FF4BF800CAB0F6 /* CollectionViewFlowLayout.swift */; };
		CBBA905027FF632E00CAB0F6 /* UIImageView+Extension.swift in Sources */ = {isa = PBXBuildFile; fileRef = CBBA904F27FF632E00CAB0F6 /* UIImageView+Extension.swift */; };
		CBD20A1427FCA2B600DA9886 /* AuthenticationButton.swift in Sources */ = {isa = PBXBuildFile; fileRef = CBD20A1327FCA2B600DA9886 /* AuthenticationButton.swift */; };
		CBD20A1627FCAB7A00DA9886 /* InitialViewController.swift in Sources */ = {isa = PBXBuildFile; fileRef = CBD20A1527FCAB7A00DA9886 /* InitialViewController.swift */; };
		CBD20A1927FCABEA00DA9886 /* InitialView.swift in Sources */ = {isa = PBXBuildFile; fileRef = CBD20A1827FCABEA00DA9886 /* InitialView.swift */; };
		CBD20A1B27FCBB1A00DA9886 /* MainNavigationController.swift in Sources */ = {isa = PBXBuildFile; fileRef = CBD20A1A27FCBB1A00DA9886 /* MainNavigationController.swift */; };
		CBD20A2027FCBD8800DA9886 /* AuthenticationView.swift in Sources */ = {isa = PBXBuildFile; fileRef = CBD20A1F27FCBD8800DA9886 /* AuthenticationView.swift */; };
		CBD20A2427FCC81600DA9886 /* UIStackViewExtension.swift in Sources */ = {isa = PBXBuildFile; fileRef = CBD20A2327FCC81600DA9886 /* UIStackViewExtension.swift */; };
		CBD20A2627FCC87200DA9886 /* UITextFieldExtension.swift in Sources */ = {isa = PBXBuildFile; fileRef = CBD20A2527FCC87200DA9886 /* UITextFieldExtension.swift */; };
		CBD20A2827FCE32F00DA9886 /* UIViewControllerExtension.swift in Sources */ = {isa = PBXBuildFile; fileRef = CBD20A2727FCE32F00DA9886 /* UIViewControllerExtension.swift */; };
		CBD20A2A27FCF38800DA9886 /* PhotosViewController.swift in Sources */ = {isa = PBXBuildFile; fileRef = CBD20A2927FCF38800DA9886 /* PhotosViewController.swift */; };
		CBD20A2D27FCF3F900DA9886 /* PhotosView.swift in Sources */ = {isa = PBXBuildFile; fileRef = CBD20A2C27FCF3F900DA9886 /* PhotosView.swift */; };
		CBD20A2F27FCFA5D00DA9886 /* MainTabBarController.swift in Sources */ = {isa = PBXBuildFile; fileRef = CBD20A2E27FCFA5D00DA9886 /* MainTabBarController.swift */; };
		CBD20A3127FCFAC000DA9886 /* UserListViewController.swift in Sources */ = {isa = PBXBuildFile; fileRef = CBD20A3027FCFAC000DA9886 /* UserListViewController.swift */; };
		CBD20A3427FCFADC00DA9886 /* UserListView.swift in Sources */ = {isa = PBXBuildFile; fileRef = CBD20A3327FCFADC00DA9886 /* UserListView.swift */; };
		CBD20A3727FD150400DA9886 /* ScrollViewContainer.swift in Sources */ = {isa = PBXBuildFile; fileRef = CBD20A3627FD150400DA9886 /* ScrollViewContainer.swift */; };
		CBD20A3927FD187D00DA9886 /* KeyboardService.swift in Sources */ = {isa = PBXBuildFile; fileRef = CBD20A3827FD187D00DA9886 /* KeyboardService.swift */; };
		CBD20A3D27FDBDB000DA9886 /* Database.swift in Sources */ = {isa = PBXBuildFile; fileRef = CBD20A3C27FDBDB000DA9886 /* Database.swift */; };
		CBD20A3F27FDBDFB00DA9886 /* User.swift in Sources */ = {isa = PBXBuildFile; fileRef = CBD20A3E27FDBDFB00DA9886 /* User.swift */; };
		CBD20A4227FDE49C00DA9886 /* ErrorView.swift in Sources */ = {isa = PBXBuildFile; fileRef = CBD20A4127FDE49C00DA9886 /* ErrorView.swift */; };
		CBD20A4427FDF2DB00DA9886 /* UserListTableViewCell.swift in Sources */ = {isa = PBXBuildFile; fileRef = CBD20A4327FDF2DB00DA9886 /* UserListTableViewCell.swift */; };
		CBD20A4627FE47CB00DA9886 /* RootViewController.swift in Sources */ = {isa = PBXBuildFile; fileRef = CBD20A4527FE47CA00DA9886 /* RootViewController.swift */; };
		CBD20A4827FE47ED00DA9886 /* SceneDelegateExtension.swift in Sources */ = {isa = PBXBuildFile; fileRef = CBD20A4727FE47ED00DA9886 /* SceneDelegateExtension.swift */; };
/* End PBXBuildFile section */

/* Begin PBXFileReference section */
		CB30B1052800D244003C54BB /* UIImageExtension.swift */ = {isa = PBXFileReference; lastKnownFileType = sourcecode.swift; path = UIImageExtension.swift; sourceTree = "<group>"; };
		CB31FB2F27FB526D005F66FF /* AuthenticationApp.app */ = {isa = PBXFileReference; explicitFileType = wrapper.application; includeInIndex = 0; path = AuthenticationApp.app; sourceTree = BUILT_PRODUCTS_DIR; };
		CB31FB3227FB526D005F66FF /* AppDelegate.swift */ = {isa = PBXFileReference; lastKnownFileType = sourcecode.swift; path = AppDelegate.swift; sourceTree = "<group>"; };
		CB31FB3427FB526D005F66FF /* SceneDelegate.swift */ = {isa = PBXFileReference; lastKnownFileType = sourcecode.swift; path = SceneDelegate.swift; sourceTree = "<group>"; };
		CB31FB3627FB526D005F66FF /* AuthenticationViewController.swift */ = {isa = PBXFileReference; lastKnownFileType = sourcecode.swift; path = AuthenticationViewController.swift; sourceTree = "<group>"; };
		CB31FB3B27FB526F005F66FF /* Assets.xcassets */ = {isa = PBXFileReference; lastKnownFileType = folder.assetcatalog; path = Assets.xcassets; sourceTree = "<group>"; };
		CB31FB3E27FB526F005F66FF /* Base */ = {isa = PBXFileReference; lastKnownFileType = file.storyboard; name = Base; path = Base.lproj/LaunchScreen.storyboard; sourceTree = "<group>"; };
		CB31FB4027FB526F005F66FF /* Info.plist */ = {isa = PBXFileReference; lastKnownFileType = text.plist.xml; path = Info.plist; sourceTree = "<group>"; };
		CB31FB4A27FB558A005F66FF /* UIViewExtension.swift */ = {isa = PBXFileReference; lastKnownFileType = sourcecode.swift; path = UIViewExtension.swift; sourceTree = "<group>"; };
		CB31FB4D27FB57DF005F66FF /* Constant.swift */ = {isa = PBXFileReference; lastKnownFileType = sourcecode.swift; path = Constant.swift; sourceTree = "<group>"; };
		CB31FB4F27FB5F3D005F66FF /* AuthenticationTextField.swift */ = {isa = PBXFileReference; lastKnownFileType = sourcecode.swift; path = AuthenticationTextField.swift; sourceTree = "<group>"; };
		CB31FB5127FB6102005F66FF /* Enumeration.swift */ = {isa = PBXFileReference; lastKnownFileType = sourcecode.swift; path = Enumeration.swift; sourceTree = "<group>"; };
		CBBA903927FF226800CAB0F6 /* Access.swift */ = {isa = PBXFileReference; lastKnownFileType = sourcecode.swift; path = Access.swift; sourceTree = "<group>"; };
		CBBA903B27FF265700CAB0F6 /* PhotosCollectionViewCell.swift */ = {isa = PBXFileReference; lastKnownFileType = sourcecode.swift; path = PhotosCollectionViewCell.swift; sourceTree = "<group>"; };
		CBBA903D27FF446A00CAB0F6 /* AlbumsViewController.swift */ = {isa = PBXFileReference; lastKnownFileType = sourcecode.swift; path = AlbumsViewController.swift; sourceTree = "<group>"; };
		CBBA904027FF448200CAB0F6 /* AlbumsView.swift */ = {isa = PBXFileReference; lastKnownFileType = sourcecode.swift; path = AlbumsView.swift; sourceTree = "<group>"; };
		CBBA904227FF44B400CAB0F6 /* AlbumsCollectionViewCell.swift */ = {isa = PBXFileReference; lastKnownFileType = sourcecode.swift; path = AlbumsCollectionViewCell.swift; sourceTree = "<group>"; };
		CBBA904427FF453F00CAB0F6 /* PhotoViewController.swift */ = {isa = PBXFileReference; lastKnownFileType = sourcecode.swift; path = PhotoViewController.swift; sourceTree = "<group>"; };
		CBBA904727FF457400CAB0F6 /* PhotoView.swift */ = {isa = PBXFileReference; lastKnownFileType = sourcecode.swift; path = PhotoView.swift; sourceTree = "<group>"; };
		CBBA904927FF4BF800CAB0F6 /* CollectionViewFlowLayout.swift */ = {isa = PBXFileReference; fileEncoding = 4; lastKnownFileType = sourcecode.swift; path = CollectionViewFlowLayout.swift; sourceTree = "<group>"; };
		CBBA904F27FF632E00CAB0F6 /* UIImageView+Extension.swift */ = {isa = PBXFileReference; lastKnownFileType = sourcecode.swift; path = "UIImageView+Extension.swift"; sourceTree = "<group>"; };
		CBD20A1327FCA2B600DA9886 /* AuthenticationButton.swift */ = {isa = PBXFileReference; lastKnownFileType = sourcecode.swift; path = AuthenticationButton.swift; sourceTree = "<group>"; };
		CBD20A1527FCAB7A00DA9886 /* InitialViewController.swift */ = {isa = PBXFileReference; lastKnownFileType = sourcecode.swift; path = InitialViewController.swift; sourceTree = "<group>"; };
		CBD20A1827FCABEA00DA9886 /* InitialView.swift */ = {isa = PBXFileReference; lastKnownFileType = sourcecode.swift; path = InitialView.swift; sourceTree = "<group>"; };
		CBD20A1A27FCBB1A00DA9886 /* MainNavigationController.swift */ = {isa = PBXFileReference; lastKnownFileType = sourcecode.swift; path = MainNavigationController.swift; sourceTree = "<group>"; };
		CBD20A1F27FCBD8800DA9886 /* AuthenticationView.swift */ = {isa = PBXFileReference; lastKnownFileType = sourcecode.swift; path = AuthenticationView.swift; sourceTree = "<group>"; };
		CBD20A2327FCC81600DA9886 /* UIStackViewExtension.swift */ = {isa = PBXFileReference; lastKnownFileType = sourcecode.swift; path = UIStackViewExtension.swift; sourceTree = "<group>"; };
		CBD20A2527FCC87200DA9886 /* UITextFieldExtension.swift */ = {isa = PBXFileReference; lastKnownFileType = sourcecode.swift; path = UITextFieldExtension.swift; sourceTree = "<group>"; };
		CBD20A2727FCE32F00DA9886 /* UIViewControllerExtension.swift */ = {isa = PBXFileReference; lastKnownFileType = sourcecode.swift; path = UIViewControllerExtension.swift; sourceTree = "<group>"; };
		CBD20A2927FCF38800DA9886 /* PhotosViewController.swift */ = {isa = PBXFileReference; lastKnownFileType = sourcecode.swift; path = PhotosViewController.swift; sourceTree = "<group>"; };
		CBD20A2C27FCF3F900DA9886 /* PhotosView.swift */ = {isa = PBXFileReference; lastKnownFileType = sourcecode.swift; path = PhotosView.swift; sourceTree = "<group>"; };
		CBD20A2E27FCFA5D00DA9886 /* MainTabBarController.swift */ = {isa = PBXFileReference; lastKnownFileType = sourcecode.swift; path = MainTabBarController.swift; sourceTree = "<group>"; };
		CBD20A3027FCFAC000DA9886 /* UserListViewController.swift */ = {isa = PBXFileReference; lastKnownFileType = sourcecode.swift; path = UserListViewController.swift; sourceTree = "<group>"; };
		CBD20A3327FCFADC00DA9886 /* UserListView.swift */ = {isa = PBXFileReference; lastKnownFileType = sourcecode.swift; path = UserListView.swift; sourceTree = "<group>"; };
		CBD20A3627FD150400DA9886 /* ScrollViewContainer.swift */ = {isa = PBXFileReference; lastKnownFileType = sourcecode.swift; path = ScrollViewContainer.swift; sourceTree = "<group>"; };
		CBD20A3827FD187D00DA9886 /* KeyboardService.swift */ = {isa = PBXFileReference; lastKnownFileType = sourcecode.swift; path = KeyboardService.swift; sourceTree = "<group>"; };
		CBD20A3C27FDBDB000DA9886 /* Database.swift */ = {isa = PBXFileReference; lastKnownFileType = sourcecode.swift; path = Database.swift; sourceTree = "<group>"; };
		CBD20A3E27FDBDFB00DA9886 /* User.swift */ = {isa = PBXFileReference; lastKnownFileType = sourcecode.swift; path = User.swift; sourceTree = "<group>"; };
		CBD20A4127FDE49C00DA9886 /* ErrorView.swift */ = {isa = PBXFileReference; lastKnownFileType = sourcecode.swift; path = ErrorView.swift; sourceTree = "<group>"; };
		CBD20A4327FDF2DB00DA9886 /* UserListTableViewCell.swift */ = {isa = PBXFileReference; lastKnownFileType = sourcecode.swift; path = UserListTableViewCell.swift; sourceTree = "<group>"; };
		CBD20A4527FE47CA00DA9886 /* RootViewController.swift */ = {isa = PBXFileReference; lastKnownFileType = sourcecode.swift; path = RootViewController.swift; sourceTree = "<group>"; };
		CBD20A4727FE47ED00DA9886 /* SceneDelegateExtension.swift */ = {isa = PBXFileReference; lastKnownFileType = sourcecode.swift; path = SceneDelegateExtension.swift; sourceTree = "<group>"; };
/* End PBXFileReference section */

/* Begin PBXFrameworksBuildPhase section */
		CB31FB2C27FB526D005F66FF /* Frameworks */ = {
			isa = PBXFrameworksBuildPhase;
			buildActionMask = 2147483647;
			files = (
			);
			runOnlyForDeploymentPostprocessing = 0;
		};
/* End PBXFrameworksBuildPhase section */

/* Begin PBXGroup section */
		CB31FB2627FB526D005F66FF = {
			isa = PBXGroup;
			children = (
				CB31FB3127FB526D005F66FF /* AuthenticationApp */,
				CB31FB3027FB526D005F66FF /* Products */,
			);
			sourceTree = "<group>";
		};
		CB31FB3027FB526D005F66FF /* Products */ = {
			isa = PBXGroup;
			children = (
				CB31FB2F27FB526D005F66FF /* AuthenticationApp.app */,
			);
			name = Products;
			sourceTree = "<group>";
		};
		CB31FB3127FB526D005F66FF /* AuthenticationApp */ = {
			isa = PBXGroup;
			children = (
				CB31FB4D27FB57DF005F66FF /* Constant.swift */,
				CB31FB5127FB6102005F66FF /* Enumeration.swift */,
				CBBA903927FF226800CAB0F6 /* Access.swift */,
				CBD20A4027FDBE0300DA9886 /* Model */,
				CBD20A3B27FD7ACA00DA9886 /* Services */,
				CBD20A3527FCFB0900DA9886 /* ManagementControllers */,
				CBD20A1727FCAB8000DA9886 /* Initial */,
				CB31FB4927FB5475005F66FF /* Authentication */,
				CBBA903F27FF447000CAB0F6 /* Albums */,
				CBD20A2B27FCF38C00DA9886 /* Photos */,
				CBBA904627FF455300CAB0F6 /* Photo */,
				CBD20A3227FCFAC800DA9886 /* UserList */,
				CB31FB4C27FB5590005F66FF /* Extensions */,
				CBD20A3A27FD7AC000DA9886 /* CommonView */,
				CB31FB4627FB5364005F66FF /* SupportingFiles */,
				CB31FB3B27FB526F005F66FF /* Assets.xcassets */,
				CB31FB3D27FB526F005F66FF /* LaunchScreen.storyboard */,
				CB31FB4027FB526F005F66FF /* Info.plist */,
			);
			path = AuthenticationApp;
			sourceTree = "<group>";
		};
		CB31FB4627FB5364005F66FF /* SupportingFiles */ = {
			isa = PBXGroup;
			children = (
				CB31FB3227FB526D005F66FF /* AppDelegate.swift */,
				CB31FB3427FB526D005F66FF /* SceneDelegate.swift */,
			);
			path = SupportingFiles;
			sourceTree = "<group>";
		};
		CB31FB4927FB5475005F66FF /* Authentication */ = {
			isa = PBXGroup;
			children = (
				CB31FB3627FB526D005F66FF /* AuthenticationViewController.swift */,
				CBD20A1F27FCBD8800DA9886 /* AuthenticationView.swift */,
				CB31FB4F27FB5F3D005F66FF /* AuthenticationTextField.swift */,
			);
			path = Authentication;
			sourceTree = "<group>";
		};
		CB31FB4C27FB5590005F66FF /* Extensions */ = {
			isa = PBXGroup;
			children = (
				CBD20A2727FCE32F00DA9886 /* UIViewControllerExtension.swift */,
				CB31FB4A27FB558A005F66FF /* UIViewExtension.swift */,
				CBBA904F27FF632E00CAB0F6 /* UIImageView+Extension.swift */,
				CB30B1052800D244003C54BB /* UIImageExtension.swift */,
				CBD20A2327FCC81600DA9886 /* UIStackViewExtension.swift */,
				CBD20A2527FCC87200DA9886 /* UITextFieldExtension.swift */,
				CBD20A4727FE47ED00DA9886 /* SceneDelegateExtension.swift */,
			);
			path = Extensions;
			sourceTree = "<group>";
		};
		CBBA903F27FF447000CAB0F6 /* Albums */ = {
			isa = PBXGroup;
			children = (
				CBBA903D27FF446A00CAB0F6 /* AlbumsViewController.swift */,
				CBBA904027FF448200CAB0F6 /* AlbumsView.swift */,
				CBBA904227FF44B400CAB0F6 /* AlbumsCollectionViewCell.swift */,
			);
			path = Albums;
			sourceTree = "<group>";
		};
		CBBA904627FF455300CAB0F6 /* Photo */ = {
			isa = PBXGroup;
			children = (
				CBBA904427FF453F00CAB0F6 /* PhotoViewController.swift */,
				CBBA904727FF457400CAB0F6 /* PhotoView.swift */,
			);
			path = Photo;
			sourceTree = "<group>";
		};
		CBD20A1727FCAB8000DA9886 /* Initial */ = {
			isa = PBXGroup;
			children = (
				CBD20A1527FCAB7A00DA9886 /* InitialViewController.swift */,
				CBD20A1827FCABEA00DA9886 /* InitialView.swift */,
			);
			path = Initial;
			sourceTree = "<group>";
		};
		CBD20A2B27FCF38C00DA9886 /* Photos */ = {
			isa = PBXGroup;
			children = (
				CBD20A2927FCF38800DA9886 /* PhotosViewController.swift */,
				CBD20A2C27FCF3F900DA9886 /* PhotosView.swift */,
				CBBA903B27FF265700CAB0F6 /* PhotosCollectionViewCell.swift */,
			);
			path = Photos;
			sourceTree = "<group>";
		};
		CBD20A3227FCFAC800DA9886 /* UserList */ = {
			isa = PBXGroup;
			children = (
				CBD20A3027FCFAC000DA9886 /* UserListViewController.swift */,
				CBD20A3327FCFADC00DA9886 /* UserListView.swift */,
				CBD20A4327FDF2DB00DA9886 /* UserListTableViewCell.swift */,
			);
			path = UserList;
			sourceTree = "<group>";
		};
		CBD20A3527FCFB0900DA9886 /* ManagementControllers */ = {
			isa = PBXGroup;
			children = (
				CBD20A2E27FCFA5D00DA9886 /* MainTabBarController.swift */,
				CBD20A1A27FCBB1A00DA9886 /* MainNavigationController.swift */,
				CBD20A4527FE47CA00DA9886 /* RootViewController.swift */,
			);
			path = ManagementControllers;
			sourceTree = "<group>";
		};
		CBD20A3A27FD7AC000DA9886 /* CommonView */ = {
			isa = PBXGroup;
			children = (
				CBBA904927FF4BF800CAB0F6 /* CollectionViewFlowLayout.swift */,
				CBD20A1327FCA2B600DA9886 /* AuthenticationButton.swift */,
				CBD20A3627FD150400DA9886 /* ScrollViewContainer.swift */,
				CBD20A4127FDE49C00DA9886 /* ErrorView.swift */,
			);
			path = CommonView;
			sourceTree = "<group>";
		};
		CBD20A3B27FD7ACA00DA9886 /* Services */ = {
			isa = PBXGroup;
			children = (
				CBD20A3827FD187D00DA9886 /* KeyboardService.swift */,
				CBD20A3C27FDBDB000DA9886 /* Database.swift */,
			);
			path = Services;
			sourceTree = "<group>";
		};
		CBD20A4027FDBE0300DA9886 /* Model */ = {
			isa = PBXGroup;
			children = (
				CBD20A3E27FDBDFB00DA9886 /* User.swift */,
			);
			path = Model;
			sourceTree = "<group>";
		};
/* End PBXGroup section */

/* Begin PBXNativeTarget section */
		CB31FB2E27FB526D005F66FF /* AuthenticationApp */ = {
			isa = PBXNativeTarget;
			buildConfigurationList = CB31FB4327FB526F005F66FF /* Build configuration list for PBXNativeTarget "AuthenticationApp" */;
			buildPhases = (
				CB31FB2B27FB526D005F66FF /* Sources */,
				CB31FB2C27FB526D005F66FF /* Frameworks */,
				CB31FB2D27FB526D005F66FF /* Resources */,
			);
			buildRules = (
			);
			dependencies = (
			);
			name = AuthenticationApp;
			productName = AuthenticationApp;
			productReference = CB31FB2F27FB526D005F66FF /* AuthenticationApp.app */;
			productType = "com.apple.product-type.application";
		};
/* End PBXNativeTarget section */

/* Begin PBXProject section */
		CB31FB2727FB526D005F66FF /* Project object */ = {
			isa = PBXProject;
			attributes = {
				BuildIndependentTargetsInParallel = 1;
				LastSwiftUpdateCheck = 1320;
				LastUpgradeCheck = 1320;
				TargetAttributes = {
					CB31FB2E27FB526D005F66FF = {
						CreatedOnToolsVersion = 13.2.1;
					};
				};
			};
			buildConfigurationList = CB31FB2A27FB526D005F66FF /* Build configuration list for PBXProject "AuthenticationApp" */;
			compatibilityVersion = "Xcode 13.0";
			developmentRegion = en;
			hasScannedForEncodings = 0;
			knownRegions = (
				en,
				Base,
			);
			mainGroup = CB31FB2627FB526D005F66FF;
			productRefGroup = CB31FB3027FB526D005F66FF /* Products */;
			projectDirPath = "";
			projectRoot = "";
			targets = (
				CB31FB2E27FB526D005F66FF /* AuthenticationApp */,
			);
		};
/* End PBXProject section */

/* Begin PBXResourcesBuildPhase section */
		CB31FB2D27FB526D005F66FF /* Resources */ = {
			isa = PBXResourcesBuildPhase;
			buildActionMask = 2147483647;
			files = (
				CB31FB3F27FB526F005F66FF /* LaunchScreen.storyboard in Resources */,
				CB31FB3C27FB526F005F66FF /* Assets.xcassets in Resources */,
			);
			runOnlyForDeploymentPostprocessing = 0;
		};
/* End PBXResourcesBuildPhase section */

/* Begin PBXSourcesBuildPhase section */
		CB31FB2B27FB526D005F66FF /* Sources */ = {
			isa = PBXSourcesBuildPhase;
			buildActionMask = 2147483647;
			files = (
				CB31FB4B27FB558A005F66FF /* UIViewExtension.swift in Sources */,
				CBBA903A27FF226800CAB0F6 /* Access.swift in Sources */,
				CBD20A3127FCFAC000DA9886 /* UserListViewController.swift in Sources */,
				CB31FB3727FB526D005F66FF /* AuthenticationViewController.swift in Sources */,
				CBBA903E27FF446A00CAB0F6 /* AlbumsViewController.swift in Sources */,
				CBD20A2D27FCF3F900DA9886 /* PhotosView.swift in Sources */,
				CBD20A2827FCE32F00DA9886 /* UIViewControllerExtension.swift in Sources */,
				CBD20A3F27FDBDFB00DA9886 /* User.swift in Sources */,
				CBD20A4827FE47ED00DA9886 /* SceneDelegateExtension.swift in Sources */,
				CBD20A2627FCC87200DA9886 /* UITextFieldExtension.swift in Sources */,
				CBD20A2027FCBD8800DA9886 /* AuthenticationView.swift in Sources */,
				CBBA904327FF44B400CAB0F6 /* AlbumsCollectionViewCell.swift in Sources */,
				CBD20A1627FCAB7A00DA9886 /* InitialViewController.swift in Sources */,
				CB30B1062800D244003C54BB /* UIImageExtension.swift in Sources */,
				CBBA903C27FF265700CAB0F6 /* PhotosCollectionViewCell.swift in Sources */,
				CB31FB3327FB526D005F66FF /* AppDelegate.swift in Sources */,
				CBD20A4227FDE49C00DA9886 /* ErrorView.swift in Sources */,
				CBBA905027FF632E00CAB0F6 /* UIImageView+Extension.swift in Sources */,
				CBD20A1427FCA2B600DA9886 /* AuthenticationButton.swift in Sources */,
				CBD20A2F27FCFA5D00DA9886 /* MainTabBarController.swift in Sources */,
				CBBA904A27FF4BF800CAB0F6 /* CollectionViewFlowLayout.swift in Sources */,
				CB31FB5227FB6102005F66FF /* Enumeration.swift in Sources */,
				CB31FB5027FB5F3D005F66FF /* AuthenticationTextField.swift in Sources */,
				CBD20A1927FCABEA00DA9886 /* InitialView.swift in Sources */,
				CBD20A3D27FDBDB000DA9886 /* Database.swift in Sources */,
				CBD20A3927FD187D00DA9886 /* KeyboardService.swift in Sources */,
				CBBA904827FF457400CAB0F6 /* PhotoView.swift in Sources */,
				CBBA904127FF448200CAB0F6 /* AlbumsView.swift in Sources */,
				CBD20A2427FCC81600DA9886 /* UIStackViewExtension.swift in Sources */,
				CBD20A3727FD150400DA9886 /* ScrollViewContainer.swift in Sources */,
				CBD20A4627FE47CB00DA9886 /* RootViewController.swift in Sources */,
				CBBA904527FF453F00CAB0F6 /* PhotoViewController.swift in Sources */,
				CBD20A3427FCFADC00DA9886 /* UserListView.swift in Sources */,
				CBD20A4427FDF2DB00DA9886 /* UserListTableViewCell.swift in Sources */,
				CBD20A2A27FCF38800DA9886 /* PhotosViewController.swift in Sources */,
				CB31FB3527FB526D005F66FF /* SceneDelegate.swift in Sources */,
				CBD20A1B27FCBB1A00DA9886 /* MainNavigationController.swift in Sources */,
				CB31FB4E27FB57DF005F66FF /* Constant.swift in Sources */,
			);
			runOnlyForDeploymentPostprocessing = 0;
		};
/* End PBXSourcesBuildPhase section */

/* Begin PBXVariantGroup section */
		CB31FB3D27FB526F005F66FF /* LaunchScreen.storyboard */ = {
			isa = PBXVariantGroup;
			children = (
				CB31FB3E27FB526F005F66FF /* Base */,
			);
			name = LaunchScreen.storyboard;
			sourceTree = "<group>";
		};
/* End PBXVariantGroup section */

/* Begin XCBuildConfiguration section */
		CB31FB4127FB526F005F66FF /* Debug */ = {
			isa = XCBuildConfiguration;
			buildSettings = {
				ALWAYS_SEARCH_USER_PATHS = NO;
				CLANG_ANALYZER_NONNULL = YES;
				CLANG_ANALYZER_NUMBER_OBJECT_CONVERSION = YES_AGGRESSIVE;
				CLANG_CXX_LANGUAGE_STANDARD = "gnu++17";
				CLANG_CXX_LIBRARY = "libc++";
				CLANG_ENABLE_MODULES = YES;
				CLANG_ENABLE_OBJC_ARC = YES;
				CLANG_ENABLE_OBJC_WEAK = YES;
				CLANG_WARN_BLOCK_CAPTURE_AUTORELEASING = YES;
				CLANG_WARN_BOOL_CONVERSION = YES;
				CLANG_WARN_COMMA = YES;
				CLANG_WARN_CONSTANT_CONVERSION = YES;
				CLANG_WARN_DEPRECATED_OBJC_IMPLEMENTATIONS = YES;
				CLANG_WARN_DIRECT_OBJC_ISA_USAGE = YES_ERROR;
				CLANG_WARN_DOCUMENTATION_COMMENTS = YES;
				CLANG_WARN_EMPTY_BODY = YES;
				CLANG_WARN_ENUM_CONVERSION = YES;
				CLANG_WARN_INFINITE_RECURSION = YES;
				CLANG_WARN_INT_CONVERSION = YES;
				CLANG_WARN_NON_LITERAL_NULL_CONVERSION = YES;
				CLANG_WARN_OBJC_IMPLICIT_RETAIN_SELF = YES;
				CLANG_WARN_OBJC_LITERAL_CONVERSION = YES;
				CLANG_WARN_OBJC_ROOT_CLASS = YES_ERROR;
				CLANG_WARN_QUOTED_INCLUDE_IN_FRAMEWORK_HEADER = YES;
				CLANG_WARN_RANGE_LOOP_ANALYSIS = YES;
				CLANG_WARN_STRICT_PROTOTYPES = YES;
				CLANG_WARN_SUSPICIOUS_MOVE = YES;
				CLANG_WARN_UNGUARDED_AVAILABILITY = YES_AGGRESSIVE;
				CLANG_WARN_UNREACHABLE_CODE = YES;
				CLANG_WARN__DUPLICATE_METHOD_MATCH = YES;
				COPY_PHASE_STRIP = NO;
				DEBUG_INFORMATION_FORMAT = dwarf;
				ENABLE_STRICT_OBJC_MSGSEND = YES;
				ENABLE_TESTABILITY = YES;
				GCC_C_LANGUAGE_STANDARD = gnu11;
				GCC_DYNAMIC_NO_PIC = NO;
				GCC_NO_COMMON_BLOCKS = YES;
				GCC_OPTIMIZATION_LEVEL = 0;
				GCC_PREPROCESSOR_DEFINITIONS = (
					"DEBUG=1",
					"$(inherited)",
				);
				GCC_WARN_64_TO_32_BIT_CONVERSION = YES;
				GCC_WARN_ABOUT_RETURN_TYPE = YES_ERROR;
				GCC_WARN_UNDECLARED_SELECTOR = YES;
				GCC_WARN_UNINITIALIZED_AUTOS = YES_AGGRESSIVE;
				GCC_WARN_UNUSED_FUNCTION = YES;
				GCC_WARN_UNUSED_VARIABLE = YES;
				IPHONEOS_DEPLOYMENT_TARGET = 15.2;
				MTL_ENABLE_DEBUG_INFO = INCLUDE_SOURCE;
				MTL_FAST_MATH = YES;
				ONLY_ACTIVE_ARCH = YES;
				SDKROOT = iphoneos;
				SWIFT_ACTIVE_COMPILATION_CONDITIONS = DEBUG;
				SWIFT_OPTIMIZATION_LEVEL = "-Onone";
			};
			name = Debug;
		};
		CB31FB4227FB526F005F66FF /* Release */ = {
			isa = XCBuildConfiguration;
			buildSettings = {
				ALWAYS_SEARCH_USER_PATHS = NO;
				CLANG_ANALYZER_NONNULL = YES;
				CLANG_ANALYZER_NUMBER_OBJECT_CONVERSION = YES_AGGRESSIVE;
				CLANG_CXX_LANGUAGE_STANDARD = "gnu++17";
				CLANG_CXX_LIBRARY = "libc++";
				CLANG_ENABLE_MODULES = YES;
				CLANG_ENABLE_OBJC_ARC = YES;
				CLANG_ENABLE_OBJC_WEAK = YES;
				CLANG_WARN_BLOCK_CAPTURE_AUTORELEASING = YES;
				CLANG_WARN_BOOL_CONVERSION = YES;
				CLANG_WARN_COMMA = YES;
				CLANG_WARN_CONSTANT_CONVERSION = YES;
				CLANG_WARN_DEPRECATED_OBJC_IMPLEMENTATIONS = YES;
				CLANG_WARN_DIRECT_OBJC_ISA_USAGE = YES_ERROR;
				CLANG_WARN_DOCUMENTATION_COMMENTS = YES;
				CLANG_WARN_EMPTY_BODY = YES;
				CLANG_WARN_ENUM_CONVERSION = YES;
				CLANG_WARN_INFINITE_RECURSION = YES;
				CLANG_WARN_INT_CONVERSION = YES;
				CLANG_WARN_NON_LITERAL_NULL_CONVERSION = YES;
				CLANG_WARN_OBJC_IMPLICIT_RETAIN_SELF = YES;
				CLANG_WARN_OBJC_LITERAL_CONVERSION = YES;
				CLANG_WARN_OBJC_ROOT_CLASS = YES_ERROR;
				CLANG_WARN_QUOTED_INCLUDE_IN_FRAMEWORK_HEADER = YES;
				CLANG_WARN_RANGE_LOOP_ANALYSIS = YES;
				CLANG_WARN_STRICT_PROTOTYPES = YES;
				CLANG_WARN_SUSPICIOUS_MOVE = YES;
				CLANG_WARN_UNGUARDED_AVAILABILITY = YES_AGGRESSIVE;
				CLANG_WARN_UNREACHABLE_CODE = YES;
				CLANG_WARN__DUPLICATE_METHOD_MATCH = YES;
				COPY_PHASE_STRIP = NO;
				DEBUG_INFORMATION_FORMAT = "dwarf-with-dsym";
				ENABLE_NS_ASSERTIONS = NO;
				ENABLE_STRICT_OBJC_MSGSEND = YES;
				GCC_C_LANGUAGE_STANDARD = gnu11;
				GCC_NO_COMMON_BLOCKS = YES;
				GCC_WARN_64_TO_32_BIT_CONVERSION = YES;
				GCC_WARN_ABOUT_RETURN_TYPE = YES_ERROR;
				GCC_WARN_UNDECLARED_SELECTOR = YES;
				GCC_WARN_UNINITIALIZED_AUTOS = YES_AGGRESSIVE;
				GCC_WARN_UNUSED_FUNCTION = YES;
				GCC_WARN_UNUSED_VARIABLE = YES;
				IPHONEOS_DEPLOYMENT_TARGET = 15.2;
				MTL_ENABLE_DEBUG_INFO = NO;
				MTL_FAST_MATH = YES;
				SDKROOT = iphoneos;
				SWIFT_COMPILATION_MODE = wholemodule;
				SWIFT_OPTIMIZATION_LEVEL = "-O";
				VALIDATE_PRODUCT = YES;
			};
			name = Release;
		};
		CB31FB4427FB526F005F66FF /* Debug */ = {
			isa = XCBuildConfiguration;
			buildSettings = {
				ASSETCATALOG_COMPILER_APPICON_NAME = AppIcon;
				ASSETCATALOG_COMPILER_GLOBAL_ACCENT_COLOR_NAME = AccentColor;
				CODE_SIGN_STYLE = Automatic;
				CURRENT_PROJECT_VERSION = 1;
				DEVELOPMENT_TEAM = T7YWVGS7V5;
				GENERATE_INFOPLIST_FILE = YES;
				INFOPLIST_FILE = AuthenticationApp/Info.plist;
				INFOPLIST_KEY_UIApplicationSupportsIndirectInputEvents = YES;
				INFOPLIST_KEY_UILaunchStoryboardName = LaunchScreen;
				INFOPLIST_KEY_UISupportedInterfaceOrientations_iPad = "UIInterfaceOrientationPortrait UIInterfaceOrientationPortraitUpsideDown UIInterfaceOrientationLandscapeLeft UIInterfaceOrientationLandscapeRight";
				INFOPLIST_KEY_UISupportedInterfaceOrientations_iPhone = "UIInterfaceOrientationPortrait UIInterfaceOrientationLandscapeLeft UIInterfaceOrientationLandscapeRight";
				LD_RUNPATH_SEARCH_PATHS = (
					"$(inherited)",
					"@executable_path/Frameworks",
				);
				MARKETING_VERSION = 1.0;
				PRODUCT_BUNDLE_IDENTIFIER = ru.gellert.AuthenticationApp;
				PRODUCT_NAME = "$(TARGET_NAME)";
				SWIFT_EMIT_LOC_STRINGS = YES;
				SWIFT_VERSION = 5.0;
				TARGETED_DEVICE_FAMILY = "1,2";
			};
			name = Debug;
		};
		CB31FB4527FB526F005F66FF /* Release */ = {
			isa = XCBuildConfiguration;
			buildSettings = {
				ASSETCATALOG_COMPILER_APPICON_NAME = AppIcon;
				ASSETCATALOG_COMPILER_GLOBAL_ACCENT_COLOR_NAME = AccentColor;
				CODE_SIGN_STYLE = Automatic;
				CURRENT_PROJECT_VERSION = 1;
				DEVELOPMENT_TEAM = T7YWVGS7V5;
				GENERATE_INFOPLIST_FILE = YES;
				INFOPLIST_FILE = AuthenticationApp/Info.plist;
				INFOPLIST_KEY_UIApplicationSupportsIndirectInputEvents = YES;
				INFOPLIST_KEY_UILaunchStoryboardName = LaunchScreen;
				INFOPLIST_KEY_UISupportedInterfaceOrientations_iPad = "UIInterfaceOrientationPortrait UIInterfaceOrientationPortraitUpsideDown UIInterfaceOrientationLandscapeLeft UIInterfaceOrientationLandscapeRight";
				INFOPLIST_KEY_UISupportedInterfaceOrientations_iPhone = "UIInterfaceOrientationPortrait UIInterfaceOrientationLandscapeLeft UIInterfaceOrientationLandscapeRight";
				LD_RUNPATH_SEARCH_PATHS = (
					"$(inherited)",
					"@executable_path/Frameworks",
				);
				MARKETING_VERSION = 1.0;
				PRODUCT_BUNDLE_IDENTIFIER = ru.gellert.AuthenticationApp;
				PRODUCT_NAME = "$(TARGET_NAME)";
				SWIFT_EMIT_LOC_STRINGS = YES;
				SWIFT_VERSION = 5.0;
				TARGETED_DEVICE_FAMILY = "1,2";
			};
			name = Release;
		};
/* End XCBuildConfiguration section */

/* Begin XCConfigurationList section */
		CB31FB2A27FB526D005F66FF /* Build configuration list for PBXProject "AuthenticationApp" */ = {
			isa = XCConfigurationList;
			buildConfigurations = (
				CB31FB4127FB526F005F66FF /* Debug */,
				CB31FB4227FB526F005F66FF /* Release */,
			);
			defaultConfigurationIsVisible = 0;
			defaultConfigurationName = Release;
		};
		CB31FB4327FB526F005F66FF /* Build configuration list for PBXNativeTarget "AuthenticationApp" */ = {
			isa = XCConfigurationList;
			buildConfigurations = (
				CB31FB4427FB526F005F66FF /* Debug */,
				CB31FB4527FB526F005F66FF /* Release */,
			);
			defaultConfigurationIsVisible = 0;
			defaultConfigurationName = Release;
		};
/* End XCConfigurationList section */
	};
	rootObject = CB31FB2727FB526D005F66FF /* Project object */;
}
